{
  "name": "guardian-redux",
  "version": "1.0.0",
  "lockfileVersion": 1,
  "requires": true,
  "dependencies": {
    "@types/better-sqlite3": {
      "version": "5.2.1",
      "resolved": "https://registry.npmjs.org/@types/better-sqlite3/-/better-sqlite3-5.2.1.tgz",
      "integrity": "sha512-S1q/Noh3Bc6gMTVEQAk33yxHSfojKRxxvvpynPW6dFjuArxCXzSeRsbi7/K4E8bN6/1jeI6OxWeRrSPyLUFOsQ==",
      "requires": {
        "@types/integer": "*"
      }
    },
    "@types/integer": {
      "version": "1.0.0",
      "resolved": "https://registry.npmjs.org/@types/integer/-/integer-1.0.0.tgz",
      "integrity": "sha512-3viiRKLoSP2Qr78nMoQjkDc0fan4BgmpOyV1+1gKjE8wWXo3QQ78WItO6f9WuBf3qe3ymDYhM65oqHTOZ0rFxw=="
    },
    "async-limiter": {
      "version": "1.0.1",
      "resolved": "https://registry.npmjs.org/async-limiter/-/async-limiter-1.0.1.tgz",
      "integrity": "sha512-csOlWGAcRFJaI6m+F2WKdnMKr4HhdhFVBk0H/QbJFMCr+uO2kwohwXQPxw/9OCxp05r5ghVBFSyioixx3gfkNQ=="
    },
    "asynckit": {
      "version": "0.4.0",
      "resolved": "https://registry.npmjs.org/asynckit/-/asynckit-0.4.0.tgz",
      "integrity": "sha1-x57Zf380y48robyXkLzDZkdLS3k="
    },
    "better-sqlite-pool": {
      "version": "0.2.0",
      "resolved": "https://registry.npmjs.org/better-sqlite-pool/-/better-sqlite-pool-0.2.0.tgz",
      "integrity": "sha512-t039PJVQCim6cc5wJhzSI/JjuxhSpo22kkPhw1HUPo7IHaJEhee0e9PpHI/RLmXMOtgS3J8Q+FgqLhOqKK50nA==",
      "requires": {
        "@types/better-sqlite3": "^5.2.1",
        "better-sqlite3": "^5.2.1"
      }
    },
    "better-sqlite3": {
      "version": "5.4.0",
      "resolved": "https://registry.npmjs.org/better-sqlite3/-/better-sqlite3-5.4.0.tgz",
      "integrity": "sha512-Uj1ZYOcq1GtFyFgJgqMVDoDLTy1B1pM9+bULnlX8szRX4cPjE/7JbKxCzQGhYlZlLkHQvtXXhCZ3skqsQ2byMA==",
      "requires": {
        "integer": "^2.1.0",
        "tar": "^4.4.6"
      }
    },
    "combined-stream": {
      "version": "1.0.8",
      "resolved": "https://registry.npmjs.org/combined-stream/-/combined-stream-1.0.8.tgz",
      "integrity": "sha512-FQN4MRfuJeHf7cBbBMJFXhKSDq+2kAArBlmRBvcvFE5BB1HZKXtSFASDhdlz9zOYwxh8lDdnvmMOe/+5cdoEdg==",
      "requires": {
        "delayed-stream": "~1.0.0"
      }
    },
    "delayed-stream": {
      "version": "1.0.0",
      "resolved": "https://registry.npmjs.org/delayed-stream/-/delayed-stream-1.0.0.tgz",
      "integrity": "sha1-3zrhmayt+31ECqrgsp4icrJOxhk="
    },
    "discord.js": {
      "version": "github:discordjs/discord.js#3dff5058f0beae01cec0abe27e3a43c8fd7c60ce",
      "from": "github:discordjs/discord.js",
      "requires": {
        "form-data": "^2.3.2",
        "node-fetch": "^2.1.2",
        "pako": "^1.0.0",
        "prism-media": "github:amishshah/prism-media",
        "setimmediate": "^1.0.5",
        "tweetnacl": "^1.0.0",
        "ws": "^6.0.0"
      }
    },
    "enmap": {
      "version": "4.7.0",
      "resolved": "https://registry.npmjs.org/enmap/-/enmap-4.7.0.tgz",
      "integrity": "sha512-/KvchlIzX1eZQJGWFkr1Jby/4HNyW4miz2aFd0vCRccs84ZvRVDziLLm/8Z3713umpwaDowO12h4xcxjtSt2vA==",
      "requires": {
        "lodash": "^4.17.11"
      }
    },
    "foreachasync": {
      "version": "3.0.0",
      "resolved": "https://registry.npmjs.org/foreachasync/-/foreachasync-3.0.0.tgz",
      "integrity": "sha1-VQKYfchxS+M5IJfzLgBxyd7gfPY="
    },
    "form-data": {
      "version": "2.5.1",
      "resolved": "https://registry.npmjs.org/form-data/-/form-data-2.5.1.tgz",
      "integrity": "sha512-m21N3WOmEEURgk6B9GLOE4RuWOFf28Lhh9qGYeNlGq4VDXUlJy2th2slBNU8Gp8EzloYZOibZJ7t5ecIrFSjVA==",
      "requires": {
        "asynckit": "^0.4.0",
        "combined-stream": "^1.0.6",
        "mime-types": "^2.1.12"
      }
    },
    "hastebin-gen": {
      "version": "1.3.1",
      "resolved": "https://registry.npmjs.org/hastebin-gen/-/hastebin-gen-1.3.1.tgz",
      "integrity": "sha512-s1nz7fPrz9Lqp/RQhbhlFTLKsr6klvNW30TKBi0WOrUluHTNkOZ3wlpWbNXRgE7b3+oTS0KJ23D+FXxw48JPOA==",
      "requires": {
        "snekfetch": "^3.2.4"
      }
    },
    "integer": {
      "version": "2.1.0",
      "resolved": "https://registry.npmjs.org/integer/-/integer-2.1.0.tgz",
      "integrity": "sha512-vBtiSgrEiNocWvvZX1RVfeOKa2mCHLZQ2p9nkQkQZ/BvEiY+6CcUz0eyjvIiewjJoeNidzg2I+tpPJvpyspL1w=="
    },
    "lodash": {
      "version": "4.17.11",
      "resolved": "https://registry.npmjs.org/lodash/-/lodash-4.17.11.tgz",
      "integrity": "sha512-cQKh8igo5QUhZ7lg38DYWAxMvjSAKG0A8wGSVimP07SIUEK2UO+arSRKbRZWtelMtN5V0Hkwh5ryOto/SshYIg=="
    },
    "mime-db": {
      "version": "1.49.0",
      "resolved": "https://registry.npmjs.org/mime-db/-/mime-db-1.49.0.tgz",
      "integrity": "sha512-CIc8j9URtOVApSFCQIF+VBkX1RwXp/oMMOrqdyXSBXq5RWNEsRfyj1kiRnQgmNXmHxPoFIxOroKA3zcU9P+nAA=="
    },
    "mime-types": {
      "version": "2.1.32",
      "resolved": "https://registry.npmjs.org/mime-types/-/mime-types-2.1.32.tgz",
      "integrity": "sha512-hJGaVS4G4c9TSMYh2n6SQAGrC4RnfU+daP8G7cSCmaqNjiOoUY0VHCMS42pxnQmVF1GWwFhbHWn3RIxCqTmZ9A==",
      "requires": {
        "mime-db": "1.49.0"
      }
    },
    "node-fetch": {
      "version": "2.6.1",
      "resolved": "https://registry.npmjs.org/node-fetch/-/node-fetch-2.6.1.tgz",
      "integrity": "sha512-V4aYg89jEoVRxRb2fJdAg8FHvI7cEyYdVAh94HH0UIK8oJxUfkjlDQN9RbMx+bEjP7+ggMiFRprSti032Oipxw=="
    },
    "pako": {
      "version": "1.0.11",
      "resolved": "https://registry.npmjs.org/pako/-/pako-1.0.11.tgz",
      "integrity": "sha512-4hLB8Py4zZce5s4yd9XzopqwVv/yGNhV1Bl8NTmCq1763HeK2+EwVTv+leGeL13Dnh2wfbqowVPXCIO0z4taYw=="
    },
    "parse-ms": {
      "version": "2.0.0",
      "resolved": "https://registry.npmjs.org/parse-ms/-/parse-ms-2.0.0.tgz",
      "integrity": "sha512-AddiXFSLLCqj+tCRJ9MrUtHZB4DWojO3tk0NVZ+g5MaMQHF2+p2ktqxuoXyPFLljz/aUK0Nfhd/uGWnhXVXEyA=="
    },
    "prism-media": {
      "version": "github:amishshah/prism-media#9f9d00adeef5ef067caee0449a78e1f0d7979b82",
      "from": "github:amishshah/prism-media"
    },
    "setimmediate": {
      "version": "1.0.5",
      "resolved": "https://registry.npmjs.org/setimmediate/-/setimmediate-1.0.5.tgz",
      "integrity": "sha1-KQy7Iy4waULX1+qbg3Mqt4VvgoU="
    },
    "snekfetch": {
      "version": "3.6.4",
      "resolved": "https://registry.npmjs.org/snekfetch/-/snekfetch-3.6.4.tgz",
      "integrity": "sha512-NjxjITIj04Ffqid5lqr7XdgwM7X61c/Dns073Ly170bPQHLm6jkmelye/eglS++1nfTWktpP6Y2bFXjdPlQqdw=="
    },
    "tar": {
      "version": "4.4.19",
      "resolved": "https://registry.npmjs.org/tar/-/tar-4.4.19.tgz",
      "integrity": "sha512-a20gEsvHnWe0ygBY8JbxoM4w3SJdhc7ZAuxkLqh+nvNQN2IOt0B5lLgM490X5Hl8FF0dl0tOf2ewFYAlIFgzVA==",
      "requires": {
        "chownr": "^1.1.4",
        "fs-minipass": "^1.2.7",
        "minipass": "^2.9.0",
        "minizlib": "^1.3.3",
        "mkdirp": "^0.5.5",
        "safe-buffer": "^5.2.1",
        "yallist": "^3.1.1"
      },
      "dependencies": {
        "chownr": {
          "version": "1.1.4",
          "resolved": "https://registry.npmjs.org/chownr/-/chownr-1.1.4.tgz",
          "integrity": "sha512-jJ0bqzaylmJtVnNgzTeSOs8DPavpbYgEr/b0YL8/2GO3xJEhInFmhKMUnEJQjZumK7KXGFhUy89PrsJWlakBVg=="
        },
        "fs-minipass": {
          "version": "1.2.7",
          "resolved": "https://registry.npmjs.org/fs-minipass/-/fs-minipass-1.2.7.tgz",
          "integrity": "sha512-GWSSJGFy4e9GUeCcbIkED+bgAoFyj7XF1mV8rma3QW4NIqX9Kyx79N/PF61H5udOV3aY1IaMLs6pGbH71nlCTA==",
          "requires": {
            "minipass": "^2.6.0"
          }
        },
        "minimist": {
          "version": "1.2.5",
          "resolved": "https://registry.npmjs.org/minimist/-/minimist-1.2.5.tgz",
          "integrity": "sha512-FM9nNUYrRBAELZQT3xeZQ7fmMOBg6nWNmJKTcgsJeaLstP/UODVpGsr5OhXhhXg6f+qtJ8uiZ+PUxkDWcgIXLw=="
        },
        "minipass": {
          "version": "2.9.0",
          "resolved": "https://registry.npmjs.org/minipass/-/minipass-2.9.0.tgz",
          "integrity": "sha512-wxfUjg9WebH+CUDX/CdbRlh5SmfZiy/hpkxaRI16Y9W56Pa75sWgd/rvFilSgrauD9NyFymP/+JFV3KwzIsJeg==",
          "requires": {
            "safe-buffer": "^5.1.2",
            "yallist": "^3.0.0"
          }
        },
        "minizlib": {
          "version": "1.3.3",
          "resolved": "https://registry.npmjs.org/minizlib/-/minizlib-1.3.3.tgz",
          "integrity": "sha512-6ZYMOEnmVsdCeTJVE0W9ZD+pVnE8h9Hma/iOwwRDsdQoePpoX56/8B6z3P9VNwppJuBKNRuFDRNRqRWexT9G9Q==",
          "requires": {
            "minipass": "^2.9.0"
          }
        },
        "mkdirp": {
          "version": "0.5.5",
          "resolved": "https://registry.npmjs.org/mkdirp/-/mkdirp-0.5.5.tgz",
          "integrity": "sha512-NKmAlESf6jMGym1++R0Ra7wvhV+wFW63FaSOFPwRahvea0gMUcGUhVeAg/0BC0wiv9ih5NYPB1Wn1UEI1/L+xQ==",
          "requires": {
            "minimist": "^1.2.5"
          }
        },
        "safe-buffer": {
          "version": "5.2.1",
          "resolved": "https://registry.npmjs.org/safe-buffer/-/safe-buffer-5.2.1.tgz",
          "integrity": "sha512-rp3So07KcdmmKbGvgaNxQSJr7bGVSVk5S9Eq1F+ppbRo70+YeaDxkw5Dd8NPN+GD6bjnYm2VuPuCXmpuYvmCXQ=="
        },
        "yallist": {
          "version": "3.1.1",
          "resolved": "https://registry.npmjs.org/yallist/-/yallist-3.1.1.tgz",
          "integrity": "sha512-a4UGQaWPH59mOXUYnAG2ewncQS4i4F43Tv3JoAM+s2VDAmS9NsK8GpDMLrCHPksFT7h3K6TOoUNn2pb7RoXx4g=="
        }
      }
    },
    "tweetnacl": {
      "version": "1.0.3",
      "resolved": "https://registry.npmjs.org/tweetnacl/-/tweetnacl-1.0.3.tgz",
      "integrity": "sha512-6rt+RN7aOi1nGMyC4Xa5DdYiukl2UWCbcJft7YhxReBGQD7OAM8Pbxw6YMo4r2diNEA8FEmu32YOn9rhaiE5yw=="
    },
    "walk": {
      "version": "2.3.14",
      "resolved": "https://registry.npmjs.org/walk/-/walk-2.3.14.tgz",
      "integrity": "sha512-5skcWAUmySj6hkBdH6B6+3ddMjVQYH5Qy9QGbPmN8kVmLteXk+yVXg+yfk1nbX30EYakahLrr8iPcCxJQSCBeg==",
      "requires": {
        "foreachasync": "^3.0.0"
      }
    },
    "ws": {
      "version": "6.2.2",
      "resolved": "https://registry.npmjs.org/ws/-/ws-6.2.2.tgz",
      "integrity": "sha512-zmhltoSR8u1cnDsD43TX59mzoMZsLKqUweyYBAIvTngR3shc0W6aOZylZmq/7hqyVxPdi+5Ud2QInblgyE72fw==",
      "requires": {
        "async-limiter": "~1.0.0"
      }
    }
  }
}
